
Microsoft Visual Studio Solution File, Format Version 12.00
# Visual Studio Version 17
VisualStudioVersion = 17.0.32112.339
MinimumVisualStudioVersion = 10.0.40219.1
Project("{FAE04EC0-301F-11D3-BF4B-00C04F79EFBC}") = "Veeam Test Task", "Veeam Test Task.csproj", "{113196DE-9271-406B-B226-4AB911340FAA}"
EndProject
Global
	GlobalSection(SolutionConfigurationPlatforms) = preSolution
		Debug|Any CPU = Debug|Any CPU
		Release|Any CPU = Release|Any CPU
	EndGlobalSection
	GlobalSection(ProjectConfigurationPlatforms) = postSolution
		{113196DE-9271-406B-B226-4AB911340FAA}.Debug|Any CPU.ActiveCfg = Debug|Any CPU
		{113196DE-9271-406B-B226-4AB911340FAA}.Debug|Any CPU.Build.0 = Debug|Any CPU
		{113196DE-9271-406B-B226-4AB911340FAA}.Release|Any CPU.ActiveCfg = Release|Any CPU
		{113196DE-9271-406B-B226-4AB911340FAA}.Release|Any CPU.Build.0 = Release|Any CPU
	EndGlobalSection
	GlobalSection(SolutionProperties) = preSolution
		HideSolutionNode = FALSE
	EndGlobalSection
	GlobalSection(ExtensibilityGlobals) = postSolution
		SolutionGuid = {CD104A4E-3CB5-42F6-BA4B-6D76448655C7}
	EndGlobalSection
EndGlobal
